{
	"name": "@adonisjs/ace",
	"version": "6.0.0",
	"lockfileVersion": 1,
	"requires": true,
	"dependencies": {
		"fast-levenshtein": {
			"version": "2.0.6",
			"resolved": "https://registry.npmjs.org/fast-levenshtein/-/fast-levenshtein-2.0.6.tgz",
			"integrity": "sha1-PYpcZog6FqMMqGQ+hR8Zuqd5eRc="
		},
		"getopts": {
			"version": "2.2.4",
			"resolved": "https://registry.npmjs.org/getopts/-/getopts-2.2.4.tgz",
			"integrity": "sha512-Rz7DGyomZjrenu9Jx4qmzdlvJgvrEFHXHvjK0FcZtcTC1U5FmES7OdZHUwMuSnEE6QvBvwse1JODKj7TgbSEjQ=="
		},
		"kleur": {
			"version": "3.0.3",
			"resolved": "https://registry.npmjs.org/kleur/-/kleur-3.0.3.tgz",
			"integrity": "sha512-eTIzlVOSUR+JxdDFepEYcBMtZ9Qqdef+rnzWdRZuMbOywu5tO2w2N7rqjoANZ5k9vywhL6Br1VRjUIgTQx4E8w=="
		},
		"pad-right": {
			"version": "0.2.2",
			"resolved": "https://registry.npmjs.org/pad-right/-/pad-right-0.2.2.tgz",
			"integrity": "sha1-b7ySQEXSRPKiokRQMGDTv8YAl3Q=",
			"requires": {
				"repeat-string": "^1.5.2"
			}
		},
		"repeat-string": {
			"version": "1.6.1",
			"resolved": "https://registry.npmjs.org/repeat-string/-/repeat-string-1.6.1.tgz",
			"integrity": "sha1-jcrkcOHIirwtYA//Sndihtp15jc="
		}
	}
}
